
Microsoft Visual Studio Solution File, Format Version 12.00
# Visual Studio Version 16
VisualStudioVersion = 16.0.31727.386
MinimumVisualStudioVersion = 10.0.40219.1
Project("{FAE04EC0-301F-11D3-BF4B-00C04F79EFBC}") = "Candidat_Filiere", "Candidat_Filiere.csproj", "{0CE73F5A-8749-4DBD-B6C9-69CF3403E530}"
EndProject
Global
	GlobalSection(SolutionConfigurationPlatforms) = preSolution
		Debug|Any CPU = Debug|Any CPU
		Release|Any CPU = Release|Any CPU
	EndGlobalSection
	GlobalSection(ProjectConfigurationPlatforms) = postSolution
		{0CE73F5A-8749-4DBD-B6C9-69CF3403E530}.Debug|Any CPU.ActiveCfg = Debug|Any CPU
		{0CE73F5A-8749-4DBD-B6C9-69CF3403E530}.Debug|Any CPU.Build.0 = Debug|Any CPU
		{0CE73F5A-8749-4DBD-B6C9-69CF3403E530}.Release|Any CPU.ActiveCfg = Release|Any CPU
		{0CE73F5A-8749-4DBD-B6C9-69CF3403E530}.Release|Any CPU.Build.0 = Release|Any CPU
	EndGlobalSection
	GlobalSection(SolutionProperties) = preSolution
		HideSolutionNode = FALSE
	EndGlobalSection
	GlobalSection(ExtensibilityGlobals) = postSolution
		SolutionGuid = {E809E54D-2E8E-4682-BBC8-312AE7D0CD41}
	EndGlobalSection
EndGlobal
